
Microsoft Visual Studio Solution File, Format Version 12.00
# Visual Studio Version 17
VisualStudioVersion = 17.3.32804.467
MinimumVisualStudioVersion = 10.0.40219.1
Project("{FAE04EC0-301F-11D3-BF4B-00C04F79EFBC}") = "Example", "Example\Example.csproj", "{E9E5A0E0-2300-4DA9-A657-BD6C74A02BDF}"
EndProject
Global
	GlobalSection(SolutionConfigurationPlatforms) = preSolution
		Debug|Any CPU = Debug|Any CPU
		Release|Any CPU = Release|Any CPU
	EndGlobalSection
	GlobalSection(ProjectConfigurationPlatforms) = postSolution
		{E9E5A0E0-2300-4DA9-A657-BD6C74A02BDF}.Debug|Any CPU.ActiveCfg = Debug|Any CPU
		{E9E5A0E0-2300-4DA9-A657-BD6C74A02BDF}.Debug|Any CPU.Build.0 = Debug|Any CPU
		{E9E5A0E0-2300-4DA9-A657-BD6C74A02BDF}.Release|Any CPU.ActiveCfg = Release|Any CPU
		{E9E5A0E0-2300-4DA9-A657-BD6C74A02BDF}.Release|Any CPU.Build.0 = Release|Any CPU
	EndGlobalSection
	GlobalSection(SolutionProperties) = preSolution
		HideSolutionNode = FALSE
	EndGlobalSection
	GlobalSection(ExtensibilityGlobals) = postSolution
		SolutionGuid = {18CEB8BD-93B0-43C6-BCBD-57BA6D82C2AC}
	EndGlobalSection
EndGlobal
