
Microsoft Visual Studio Solution File, Format Version 12.00
# Visual Studio Version 17
VisualStudioVersion = 17.3.32804.467
MinimumVisualStudioVersion = 10.0.40219.1
Project("{FAE04EC0-301F-11D3-BF4B-00C04F79EFBC}") = "Demo", "Demo\Demo.csproj", "{DFD02352-58D9-4767-A66D-E06A4A6AF88D}"
EndProject
Global
	GlobalSection(SolutionConfigurationPlatforms) = preSolution
		Debug|Any CPU = Debug|Any CPU
		Release|Any CPU = Release|Any CPU
	EndGlobalSection
	GlobalSection(ProjectConfigurationPlatforms) = postSolution
		{DFD02352-58D9-4767-A66D-E06A4A6AF88D}.Debug|Any CPU.ActiveCfg = Debug|Any CPU
		{DFD02352-58D9-4767-A66D-E06A4A6AF88D}.Debug|Any CPU.Build.0 = Debug|Any CPU
		{DFD02352-58D9-4767-A66D-E06A4A6AF88D}.Release|Any CPU.ActiveCfg = Release|Any CPU
		{DFD02352-58D9-4767-A66D-E06A4A6AF88D}.Release|Any CPU.Build.0 = Release|Any CPU
	EndGlobalSection
	GlobalSection(SolutionProperties) = preSolution
		HideSolutionNode = FALSE
	EndGlobalSection
	GlobalSection(ExtensibilityGlobals) = postSolution
		SolutionGuid = {35A7DCA3-964A-4BA9-A5EB-41D24560C1EA}
	EndGlobalSection
EndGlobal
