
Microsoft Visual Studio Solution File, Format Version 12.00
# Visual Studio Version 17
VisualStudioVersion = 17.3.32804.467
MinimumVisualStudioVersion = 10.0.40219.1
Project("{FAE04EC0-301F-11D3-BF4B-00C04F79EFBC}") = "Dictionary", "Dictionary\Dictionary.csproj", "{CBFC7F25-E36E-4BEC-8A29-1462AE9606D2}"
EndProject
Global
	GlobalSection(SolutionConfigurationPlatforms) = preSolution
		Debug|Any CPU = Debug|Any CPU
		Release|Any CPU = Release|Any CPU
	EndGlobalSection
	GlobalSection(ProjectConfigurationPlatforms) = postSolution
		{CBFC7F25-E36E-4BEC-8A29-1462AE9606D2}.Debug|Any CPU.ActiveCfg = Debug|Any CPU
		{CBFC7F25-E36E-4BEC-8A29-1462AE9606D2}.Debug|Any CPU.Build.0 = Debug|Any CPU
		{CBFC7F25-E36E-4BEC-8A29-1462AE9606D2}.Release|Any CPU.ActiveCfg = Release|Any CPU
		{CBFC7F25-E36E-4BEC-8A29-1462AE9606D2}.Release|Any CPU.Build.0 = Release|Any CPU
	EndGlobalSection
	GlobalSection(SolutionProperties) = preSolution
		HideSolutionNode = FALSE
	EndGlobalSection
	GlobalSection(ExtensibilityGlobals) = postSolution
		SolutionGuid = {3CFFF572-B247-4D9E-B821-F230E768A85E}
	EndGlobalSection
EndGlobal
